// !$*UTF8*$!
{
	archiveVersion = 1;
	classes = {
	};
	objectVersion = 50;
	objects = {

/* Begin PBXBuildFile section */
		9B1B05E9241A8C26000B475B /* AppDelegate.swift in Sources */ = {isa = PBXBuildFile; fileRef = 9B1B05E8241A8C26000B475B /* AppDelegate.swift */; };
		9B1B05EB241A8C26000B475B /* SceneDelegate.swift in Sources */ = {isa = PBXBuildFile; fileRef = 9B1B05EA241A8C26000B475B /* SceneDelegate.swift */; };
		9B1B05ED241A8C26000B475B /* ViewController.swift in Sources */ = {isa = PBXBuildFile; fileRef = 9B1B05EC241A8C26000B475B /* ViewController.swift */; };
		9B1B05F0241A8C26000B475B /* Main.storyboard in Resources */ = {isa = PBXBuildFile; fileRef = 9B1B05EE241A8C26000B475B /* Main.storyboard */; };
		9B1B05F2241A8C2B000B475B /* Assets.xcassets in Resources */ = {isa = PBXBuildFile; fileRef = 9B1B05F1241A8C2B000B475B /* Assets.xcassets */; };
		9B1B05F5241A8C2B000B475B /* LaunchScreen.storyboard in Resources */ = {isa = PBXBuildFile; fileRef = 9B1B05F3241A8C2B000B475B /* LaunchScreen.storyboard */; };
/* End PBXBuildFile section */

/* Begin PBXFileReference section */
		9B1B05E5241A8C26000B475B /* chinwagg.app */ = {isa = PBXFileReference; explicitFileType = wrapper.application; includeInIndex = 0; path = chinwagg.app; sourceTree = BUILT_PRODUCTS_DIR; };
		9B1B05E8241A8C26000B475B /* AppDelegate.swift */ = {isa = PBXFileReference; lastKnownFileType = sourcecode.swift; path = AppDelegate.swift; sourceTree = "<group>"; };
		9B1B05EA241A8C26000B475B /* SceneDelegate.swift */ = {isa = PBXFileReference; lastKnownFileType = sourcecode.swift; path = SceneDelegate.swift; sourceTree = "<group>"; };
		9B1B05EC241A8C26000B475B /* ViewController.swift */ = {isa = PBXFileReference; lastKnownFileType = sourcecode.swift; path = ViewController.swift; sourceTree = "<group>"; };
		9B1B05EF241A8C26000B475B /* Base */ = {isa = PBXFileReference; lastKnownFileType = file.storyboard; name = Base; path = Base.lproj/Main.storyboard; sourceTree = "<group>"; };
		9B1B05F1241A8C2B000B475B /* Assets.xcassets */ = {isa = PBXFileReference; lastKnownFileType = folder.assetcatalog; path = Assets.xcassets; sourceTree = "<group>"; };
		9B1B05F4241A8C2B000B475B /* Base */ = {isa = PBXFileReference; lastKnownFileType = file.storyboard; name = Base; path = Base.lproj/LaunchScreen.storyboard; sourceTree = "<group>"; };
		9B1B05F6241A8C2B000B475B /* Info.plist */ = {isa = PBXFileReference; lastKnownFileType = text.plist.xml; path = Info.plist; sourceTree = "<group>"; };
/* End PBXFileReference section */

/* Begin PBXFrameworksBuildPhase section */
		9B1B05E2241A8C26000B475B /* Frameworks */ = {
			isa = PBXFrameworksBuildPhase;
			buildActionMask = 2147483647;
			files = (
			);
			runOnlyForDeploymentPostprocessing = 0;
		};
/* End PBXFrameworksBuildPhase section */

/* Begin PBXGroup section */
		9B1B05DC241A8C26000B475B = {
			isa = PBXGroup;
			children = (
				9B1B05E7241A8C26000B475B /* chinwagg */,
				9B1B05E6241A8C26000B475B /* Products */,
			);
			sourceTree = "<group>";
		};
		9B1B05E6241A8C26000B475B /* Products */ = {
			isa = PBXGroup;
			children = (
				9B1B05E5241A8C26000B475B /* chinwagg.app */,
			);
			name = Products;
			sourceTree = "<group>";
		};
		9B1B05E7241A8C26000B475B /* chinwagg */ = {
			isa = PBXGroup;
			children = (
				9B1B05E8241A8C26000B475B /* AppDelegate.swift */,
				9B1B05EA241A8C26000B475B /* SceneDelegate.swift */,
				9B1B05EC241A8C26000B475B /* ViewController.swift */,
				9B1B05EE241A8C26000B475B /* Main.storyboard */,
				9B1B05F1241A8C2B000B475B /* Assets.xcassets */,
				9B1B05F3241A8C2B000B475B /* LaunchScreen.storyboard */,
				9B1B05F6241A8C2B000B475B /* Info.plist */,
			);
			path = chinwagg;
			sourceTree = "<group>";
		};
/* End PBXGroup section */

/* Begin PBXNativeTarget section */
		9B1B05E4241A8C26000B475B /* chinwagg */ = {
			isa = PBXNativeTarget;
			buildConfigurationList = 9B1B05F9241A8C2B000B475B /* Build configuration list for PBXNativeTarget "chinwagg" */;
			buildPhases = (
				9B1B05E1241A8C26000B475B /* Sources */,
				9B1B05E2241A8C26000B475B /* Frameworks */,
				9B1B05E3241A8C26000B475B /* Resources */,
			);
			buildRules = (
			);
			dependencies = (
			);
			name = chinwagg;
			productName = chinwagg;
			productReference = 9B1B05E5241A8C26000B475B /* chinwagg.app */;
			productType = "com.apple.product-type.application";
		};
/* End PBXNativeTarget section */

/* Begin PBXProject section */
		9B1B05DD241A8C26000B475B /* Project object */ = {
			isa = PBXProject;
			attributes = {
				LastSwiftUpdateCheck = 1130;
				LastUpgradeCheck = 1130;
				ORGANIZATIONNAME = "Jakub Minkiewicz";
				TargetAttributes = {
					9B1B05E4241A8C26000B475B = {
						CreatedOnToolsVersion = 11.3;
					};
				};
			};
			buildConfigurationList = 9B1B05E0241A8C26000B475B /* Build configuration list for PBXProject "chinwagg" */;
			compatibilityVersion = "Xcode 9.3";
			developmentRegion = en;
			hasScannedForEncodings = 0;
			knownRegions = (
				en,
				Base,
			);
			mainGroup = 9B1B05DC241A8C26000B475B;
			productRefGroup = 9B1B05E6241A8C26000B475B /* Products */;
			projectDirPath = "";
			projectRoot = "";
			targets = (
				9B1B05E4241A8C26000B475B /* chinwagg */,
			);
		};
/* End PBXProject section */

/* Begin PBXResourcesBuildPhase section */
		9B1B05E3241A8C26000B475B /* Resources */ = {
			isa = PBXResourcesBuildPhase;
			buildActionMask = 2147483647;
			files = (
				9B1B05F5241A8C2B000B475B /* LaunchScreen.storyboard in Resources */,
				9B1B05F2241A8C2B000B475B /* Assets.xcassets in Resources */,
				9B1B05F0241A8C26000B475B /* Main.storyboard in Resources */,
			);
			runOnlyForDeploymentPostprocessing = 0;
		};
/* End PBXResourcesBuildPhase section */

/* Begin PBXSourcesBuildPhase section */
		9B1B05E1241A8C26000B475B /* Sources */ = {
			isa = PBXSourcesBuildPhase;
			buildActionMask = 2147483647;
			files = (
				9B1B05ED241A8C26000B475B /* ViewController.swift in Sources */,
				9B1B05E9241A8C26000B475B /* AppDelegate.swift in Sources */,
				9B1B05EB241A8C26000B475B /* SceneDelegate.swift in Sources */,
			);
			runOnlyForDeploymentPostprocessing = 0;
		};
/* End PBXSourcesBuildPhase section */

/* Begin PBXVariantGroup section */
		9B1B05EE241A8C26000B475B /* Main.storyboard */ = {
			isa = PBXVariantGroup;
			children = (
				9B1B05EF241A8C26000B475B /* Base */,
			);
			name = Main.storyboard;
			sourceTree = "<group>";
		};
		9B1B05F3241A8C2B000B475B /* LaunchScreen.storyboard */ = {
			isa = PBXVariantGroup;
			children = (
				9B1B05F4241A8C2B000B475B /* Base */,
			);
			name = LaunchScreen.storyboard;
			sourceTree = "<group>";
		};
/* End PBXVariantGroup section */

/* Begin XCBuildConfiguration section */
		9B1B05F7241A8C2B000B475B /* Debug */ = {
			isa = XCBuildConfiguration;
			buildSettings = {
				ALWAYS_SEARCH_USER_PATHS = NO;
				CLANG_ANALYZER_NONNULL = YES;
				CLANG_ANALYZER_NUMBER_OBJECT_CONVERSION = YES_AGGRESSIVE;
				CLANG_CXX_LANGUAGE_STANDARD = "gnu++14";
				CLANG_CXX_LIBRARY = "libc++";
				CLANG_ENABLE_MODULES = YES;
				CLANG_ENABLE_OBJC_ARC = YES;
				CLANG_ENABLE_OBJC_WEAK = YES;
				CLANG_WARN_BLOCK_CAPTURE_AUTORELEASING = YES;
				CLANG_WARN_BOOL_CONVERSION = YES;
				CLANG_WARN_COMMA = YES;
				CLANG_WARN_CONSTANT_CONVERSION = YES;
				CLANG_WARN_DEPRECATED_OBJC_IMPLEMENTATIONS = YES;
				CLANG_WARN_DIRECT_OBJC_ISA_USAGE = YES_ERROR;
				CLANG_WARN_DOCUMENTATION_COMMENTS = YES;
				CLANG_WARN_EMPTY_BODY = YES;
				CLANG_WARN_ENUM_CONVERSION = YES;
				CLANG_WARN_INFINITE_RECURSION = YES;
				CLANG_WARN_INT_CONVERSION = YES;
				CLANG_WARN_NON_LITERAL_NULL_CONVERSION = YES;
				CLANG_WARN_OBJC_IMPLICIT_RETAIN_SELF = YES;
				CLANG_WARN_OBJC_LITERAL_CONVERSION = YES;
				CLANG_WARN_OBJC_ROOT_CLASS = YES_ERROR;
				CLANG_WARN_RANGE_LOOP_ANALYSIS = YES;
				CLANG_WARN_STRICT_PROTOTYPES = YES;
				CLANG_WARN_SUSPICIOUS_MOVE = YES;
				CLANG_WARN_UNGUARDED_AVAILABILITY = YES_AGGRESSIVE;
				CLANG_WARN_UNREACHABLE_CODE = YES;
				CLANG_WARN__DUPLICATE_METHOD_MATCH = YES;
				COPY_PHASE_STRIP = NO;
				DEBUG_INFORMATION_FORMAT = dwarf;
				ENABLE_STRICT_OBJC_MSGSEND = YES;
				ENABLE_TESTABILITY = YES;
				GCC_C_LANGUAGE_STANDARD = gnu11;
				GCC_DYNAMIC_NO_PIC = NO;
				GCC_NO_COMMON_BLOCKS = YES;
				GCC_OPTIMIZATION_LEVEL = 0;
				GCC_PREPROCESSOR_DEFINITIONS = (
					"DEBUG=1",
					"$(inherited)",
				);
				GCC_WARN_64_TO_32_BIT_CONVERSION = YES;
				GCC_WARN_ABOUT_RETURN_TYPE = YES_ERROR;
				GCC_WARN_UNDECLARED_SELECTOR = YES;
				GCC_WARN_UNINITIALIZED_AUTOS = YES_AGGRESSIVE;
				GCC_WARN_UNUSED_FUNCTION = YES;
				GCC_WARN_UNUSED_VARIABLE = YES;
				IPHONEOS_DEPLOYMENT_TARGET = 13.2;
				MTL_ENABLE_DEBUG_INFO = INCLUDE_SOURCE;
				MTL_FAST_MATH = YES;
				ONLY_ACTIVE_ARCH = YES;
				SDKROOT = iphoneos;
				SWIFT_ACTIVE_COMPILATION_CONDITIONS = DEBUG;
				SWIFT_OPTIMIZATION_LEVEL = "-Onone";
			};
			name = Debug;
		};
		9B1B05F8241A8C2B000B475B /* Release */ = {
			isa = XCBuildConfiguration;
			buildSettings = {
				ALWAYS_SEARCH_USER_PATHS = NO;
				CLANG_ANALYZER_NONNULL = YES;
				CLANG_ANALYZER_NUMBER_OBJECT_CONVERSION = YES_AGGRESSIVE;
				CLANG_CXX_LANGUAGE_STANDARD = "gnu++14";
				CLANG_CXX_LIBRARY = "libc++";
				CLANG_ENABLE_MODULES = YES;
				CLANG_ENABLE_OBJC_ARC = YES;
				CLANG_ENABLE_OBJC_WEAK = YES;
				CLANG_WARN_BLOCK_CAPTURE_AUTORELEASING = YES;
				CLANG_WARN_BOOL_CONVERSION = YES;
				CLANG_WARN_COMMA = YES;
				CLANG_WARN_CONSTANT_CONVERSION = YES;
				CLANG_WARN_DEPRECATED_OBJC_IMPLEMENTATIONS = YES;
				CLANG_WARN_DIRECT_OBJC_ISA_USAGE = YES_ERROR;
				CLANG_WARN_DOCUMENTATION_COMMENTS = YES;
				CLANG_WARN_EMPTY_BODY = YES;
				CLANG_WARN_ENUM_CONVERSION = YES;
				CLANG_WARN_INFINITE_RECURSION = YES;
				CLANG_WARN_INT_CONVERSION = YES;
				CLANG_WARN_NON_LITERAL_NULL_CONVERSION = YES;
				CLANG_WARN_OBJC_IMPLICIT_RETAIN_SELF = YES;
				CLANG_WARN_OBJC_LITERAL_CONVERSION = YES;
				CLANG_WARN_OBJC_ROOT_CLASS = YES_ERROR;
				CLANG_WARN_RANGE_LOOP_ANALYSIS = YES;
				CLANG_WARN_STRICT_PROTOTYPES = YES;
				CLANG_WARN_SUSPICIOUS_MOVE = YES;
				CLANG_WARN_UNGUARDED_AVAILABILITY = YES_AGGRESSIVE;
				CLANG_WARN_UNREACHABLE_CODE = YES;
				CLANG_WARN__DUPLICATE_METHOD_MATCH = YES;
				COPY_PHASE_STRIP = NO;
				DEBUG_INFORMATION_FORMAT = "dwarf-with-dsym";
				ENABLE_NS_ASSERTIONS = NO;
				ENABLE_STRICT_OBJC_MSGSEND = YES;
				GCC_C_LANGUAGE_STANDARD = gnu11;
				GCC_NO_COMMON_BLOCKS = YES;
				GCC_WARN_64_TO_32_BIT_CONVERSION = YES;
				GCC_WARN_ABOUT_RETURN_TYPE = YES_ERROR;
				GCC_WARN_UNDECLARED_SELECTOR = YES;
				GCC_WARN_UNINITIALIZED_AUTOS = YES_AGGRESSIVE;
				GCC_WARN_UNUSED_FUNCTION = YES;
				GCC_WARN_UNUSED_VARIABLE = YES;
				IPHONEOS_DEPLOYMENT_TARGET = 13.2;
				MTL_ENABLE_DEBUG_INFO = NO;
				MTL_FAST_MATH = YES;
				SDKROOT = iphoneos;
				SWIFT_COMPILATION_MODE = wholemodule;
				SWIFT_OPTIMIZATION_LEVEL = "-O";
				VALIDATE_PRODUCT = YES;
			};
			name = Release;
		};
		9B1B05FA241A8C2B000B475B /* Debug */ = {
			isa = XCBuildConfiguration;
			buildSettings = {
				ASSETCATALOG_COMPILER_APPICON_NAME = AppIcon;
				CODE_SIGN_STYLE = Automatic;
				DEVELOPMENT_TEAM = 7D2MHH4252;
				INFOPLIST_FILE = chinwagg/Info.plist;
				LD_RUNPATH_SEARCH_PATHS = (
					"$(inherited)",
					"@executable_path/Frameworks",
				);
				PRODUCT_BUNDLE_IDENTIFIER = uk.jakubminkiewicz.chinwagg;
				PRODUCT_NAME = "$(TARGET_NAME)";
				SWIFT_VERSION = 5.0;
				TARGETED_DEVICE_FAMILY = "1,2";
			};
			name = Debug;
		};
		9B1B05FB241A8C2B000B475B /* Release */ = {
			isa = XCBuildConfiguration;
			buildSettings = {
				ASSETCATALOG_COMPILER_APPICON_NAME = AppIcon;
				CODE_SIGN_STYLE = Automatic;
				DEVELOPMENT_TEAM = 7D2MHH4252;
				INFOPLIST_FILE = chinwagg/Info.plist;
				LD_RUNPATH_SEARCH_PATHS = (
					"$(inherited)",
					"@executable_path/Frameworks",
				);
				PRODUCT_BUNDLE_IDENTIFIER = uk.jakubminkiewicz.chinwagg;
				PRODUCT_NAME = "$(TARGET_NAME)";
				SWIFT_VERSION = 5.0;
				TARGETED_DEVICE_FAMILY = "1,2";
			};
			name = Release;
		};
/* End XCBuildConfiguration section */

/* Begin XCConfigurationList section */
		9B1B05E0241A8C26000B475B /* Build configuration list for PBXProject "chinwagg" */ = {
			isa = XCConfigurationList;
			buildConfigurations = (
				9B1B05F7241A8C2B000B475B /* Debug */,
				9B1B05F8241A8C2B000B475B /* Release */,
			);
			defaultConfigurationIsVisible = 0;
			defaultConfigurationName = Release;
		};
		9B1B05F9241A8C2B000B475B /* Build configuration list for PBXNativeTarget "chinwagg" */ = {
			isa = XCConfigurationList;
			buildConfigurations = (
				9B1B05FA241A8C2B000B475B /* Debug */,
				9B1B05FB241A8C2B000B475B /* Release */,
			);
			defaultConfigurationIsVisible = 0;
			defaultConfigurationName = Release;
		};
/* End XCConfigurationList section */
	};
	rootObject = 9B1B05DD241A8C26000B475B /* Project object */;
}
